
Microsoft Visual Studio Solution File, Format Version 12.00
# Visual Studio Version 16
VisualStudioVersion = 16.0.31112.23
MinimumVisualStudioVersion = 10.0.40219.1
Project("{FAE04EC0-301F-11D3-BF4B-00C04F79EFBC}") = "WinFormsApp2", "WinFormsApp2\WinFormsApp2.csproj", "{1C4EC41D-7191-4FF3-A049-2BA0D8806B9B}"
EndProject
Global
	GlobalSection(SolutionConfigurationPlatforms) = preSolution
		Debug|Any CPU = Debug|Any CPU
		Release|Any CPU = Release|Any CPU
	EndGlobalSection
	GlobalSection(ProjectConfigurationPlatforms) = postSolution
		{1C4EC41D-7191-4FF3-A049-2BA0D8806B9B}.Debug|Any CPU.ActiveCfg = Debug|Any CPU
		{1C4EC41D-7191-4FF3-A049-2BA0D8806B9B}.Debug|Any CPU.Build.0 = Debug|Any CPU
		{1C4EC41D-7191-4FF3-A049-2BA0D8806B9B}.Release|Any CPU.ActiveCfg = Release|Any CPU
		{1C4EC41D-7191-4FF3-A049-2BA0D8806B9B}.Release|Any CPU.Build.0 = Release|Any CPU
	EndGlobalSection
	GlobalSection(SolutionProperties) = preSolution
		HideSolutionNode = FALSE
	EndGlobalSection
	GlobalSection(ExtensibilityGlobals) = postSolution
		SolutionGuid = {90418115-163F-4118-B2B4-86F38705D22F}
	EndGlobalSection
EndGlobal
