
Microsoft Visual Studio Solution File, Format Version 12.00
# Visual Studio Version 16
VisualStudioVersion = 16.0.31112.23
MinimumVisualStudioVersion = 10.0.40219.1
Project("{FAE04EC0-301F-11D3-BF4B-00C04F79EFBC}") = "Курсовая", "Курсовая\Курсовая.csproj", "{775D1D1C-C153-455B-8079-3DA0385810FD}"
EndProject
Global
	GlobalSection(SolutionConfigurationPlatforms) = preSolution
		Debug|Any CPU = Debug|Any CPU
		Release|Any CPU = Release|Any CPU
	EndGlobalSection
	GlobalSection(ProjectConfigurationPlatforms) = postSolution
		{775D1D1C-C153-455B-8079-3DA0385810FD}.Debug|Any CPU.ActiveCfg = Debug|Any CPU
		{775D1D1C-C153-455B-8079-3DA0385810FD}.Debug|Any CPU.Build.0 = Debug|Any CPU
		{775D1D1C-C153-455B-8079-3DA0385810FD}.Release|Any CPU.ActiveCfg = Release|Any CPU
		{775D1D1C-C153-455B-8079-3DA0385810FD}.Release|Any CPU.Build.0 = Release|Any CPU
	EndGlobalSection
	GlobalSection(SolutionProperties) = preSolution
		HideSolutionNode = FALSE
	EndGlobalSection
	GlobalSection(ExtensibilityGlobals) = postSolution
		SolutionGuid = {7D5A90E1-FB32-44FB-9339-8414C455577B}
	EndGlobalSection
EndGlobal
