
Microsoft Visual Studio Solution File, Format Version 12.00
# Visual Studio Version 16
VisualStudioVersion = 16.0.31911.196
MinimumVisualStudioVersion = 10.0.40219.1
Project("{FAE04EC0-301F-11D3-BF4B-00C04F79EFBC}") = "WebApplication1", "WebApplication1\WebApplication1.csproj", "{21CEB256-18AB-4976-8E53-12B285B23BDE}"
EndProject
Global
	GlobalSection(SolutionConfigurationPlatforms) = preSolution
		Debug|Any CPU = Debug|Any CPU
		Release|Any CPU = Release|Any CPU
	EndGlobalSection
	GlobalSection(ProjectConfigurationPlatforms) = postSolution
		{21CEB256-18AB-4976-8E53-12B285B23BDE}.Debug|Any CPU.ActiveCfg = Debug|Any CPU
		{21CEB256-18AB-4976-8E53-12B285B23BDE}.Debug|Any CPU.Build.0 = Debug|Any CPU
		{21CEB256-18AB-4976-8E53-12B285B23BDE}.Release|Any CPU.ActiveCfg = Release|Any CPU
		{21CEB256-18AB-4976-8E53-12B285B23BDE}.Release|Any CPU.Build.0 = Release|Any CPU
	EndGlobalSection
	GlobalSection(SolutionProperties) = preSolution
		HideSolutionNode = FALSE
	EndGlobalSection
	GlobalSection(ExtensibilityGlobals) = postSolution
		SolutionGuid = {63E898D8-1606-4C33-8495-152C727BCE54}
	EndGlobalSection
EndGlobal
